
Microsoft Visual Studio Solution File, Format Version 12.00
# Visual Studio Version 16
VisualStudioVersion = 16.0.30114.105
MinimumVisualStudioVersion = 10.0.40219.1
Project("{FAE04EC0-301F-11D3-BF4B-00C04F79EFBC}") = "API", "API\API.csproj", "{84BBC852-4FC0-4E75-969E-5867E0AAC5A4}"
EndProject
Project("{FAE04EC0-301F-11D3-BF4B-00C04F79EFBC}") = "Core", "Core\Core.csproj", "{9777E5A4-52FA-47CF-95CF-F268F29F0666}"
EndProject
Project("{FAE04EC0-301F-11D3-BF4B-00C04F79EFBC}") = "Infrastructure", "Infrastructure\Infrastructure.csproj", "{36B966F1-6DB7-4523-8D38-B8B7418C483E}"
EndProject
Global
	GlobalSection(SolutionConfigurationPlatforms) = preSolution
		Debug|Any CPU = Debug|Any CPU
		Debug|x64 = Debug|x64
		Debug|x86 = Debug|x86
		Release|Any CPU = Release|Any CPU
		Release|x64 = Release|x64
		Release|x86 = Release|x86
	EndGlobalSection
	GlobalSection(SolutionProperties) = preSolution
		HideSolutionNode = FALSE
	EndGlobalSection
	GlobalSection(ProjectConfigurationPlatforms) = postSolution
		{84BBC852-4FC0-4E75-969E-5867E0AAC5A4}.Debug|Any CPU.ActiveCfg = Debug|Any CPU
		{84BBC852-4FC0-4E75-969E-5867E0AAC5A4}.Debug|Any CPU.Build.0 = Debug|Any CPU
		{84BBC852-4FC0-4E75-969E-5867E0AAC5A4}.Debug|x64.ActiveCfg = Debug|Any CPU
		{84BBC852-4FC0-4E75-969E-5867E0AAC5A4}.Debug|x64.Build.0 = Debug|Any CPU
		{84BBC852-4FC0-4E75-969E-5867E0AAC5A4}.Debug|x86.ActiveCfg = Debug|Any CPU
		{84BBC852-4FC0-4E75-969E-5867E0AAC5A4}.Debug|x86.Build.0 = Debug|Any CPU
		{84BBC852-4FC0-4E75-969E-5867E0AAC5A4}.Release|Any CPU.ActiveCfg = Release|Any CPU
		{84BBC852-4FC0-4E75-969E-5867E0AAC5A4}.Release|Any CPU.Build.0 = Release|Any CPU
		{84BBC852-4FC0-4E75-969E-5867E0AAC5A4}.Release|x64.ActiveCfg = Release|Any CPU
		{84BBC852-4FC0-4E75-969E-5867E0AAC5A4}.Release|x64.Build.0 = Release|Any CPU
		{84BBC852-4FC0-4E75-969E-5867E0AAC5A4}.Release|x86.ActiveCfg = Release|Any CPU
		{84BBC852-4FC0-4E75-969E-5867E0AAC5A4}.Release|x86.Build.0 = Release|Any CPU
		{9777E5A4-52FA-47CF-95CF-F268F29F0666}.Debug|Any CPU.ActiveCfg = Debug|Any CPU
		{9777E5A4-52FA-47CF-95CF-F268F29F0666}.Debug|Any CPU.Build.0 = Debug|Any CPU
		{9777E5A4-52FA-47CF-95CF-F268F29F0666}.Debug|x64.ActiveCfg = Debug|Any CPU
		{9777E5A4-52FA-47CF-95CF-F268F29F0666}.Debug|x64.Build.0 = Debug|Any CPU
		{9777E5A4-52FA-47CF-95CF-F268F29F0666}.Debug|x86.ActiveCfg = Debug|Any CPU
		{9777E5A4-52FA-47CF-95CF-F268F29F0666}.Debug|x86.Build.0 = Debug|Any CPU
		{9777E5A4-52FA-47CF-95CF-F268F29F0666}.Release|Any CPU.ActiveCfg = Release|Any CPU
		{9777E5A4-52FA-47CF-95CF-F268F29F0666}.Release|Any CPU.Build.0 = Release|Any CPU
		{9777E5A4-52FA-47CF-95CF-F268F29F0666}.Release|x64.ActiveCfg = Release|Any CPU
		{9777E5A4-52FA-47CF-95CF-F268F29F0666}.Release|x64.Build.0 = Release|Any CPU
		{9777E5A4-52FA-47CF-95CF-F268F29F0666}.Release|x86.ActiveCfg = Release|Any CPU
		{9777E5A4-52FA-47CF-95CF-F268F29F0666}.Release|x86.Build.0 = Release|Any CPU
		{36B966F1-6DB7-4523-8D38-B8B7418C483E}.Debug|Any CPU.ActiveCfg = Debug|Any CPU
		{36B966F1-6DB7-4523-8D38-B8B7418C483E}.Debug|Any CPU.Build.0 = Debug|Any CPU
		{36B966F1-6DB7-4523-8D38-B8B7418C483E}.Debug|x64.ActiveCfg = Debug|Any CPU
		{36B966F1-6DB7-4523-8D38-B8B7418C483E}.Debug|x64.Build.0 = Debug|Any CPU
		{36B966F1-6DB7-4523-8D38-B8B7418C483E}.Debug|x86.ActiveCfg = Debug|Any CPU
		{36B966F1-6DB7-4523-8D38-B8B7418C483E}.Debug|x86.Build.0 = Debug|Any CPU
		{36B966F1-6DB7-4523-8D38-B8B7418C483E}.Release|Any CPU.ActiveCfg = Release|Any CPU
		{36B966F1-6DB7-4523-8D38-B8B7418C483E}.Release|Any CPU.Build.0 = Release|Any CPU
		{36B966F1-6DB7-4523-8D38-B8B7418C483E}.Release|x64.ActiveCfg = Release|Any CPU
		{36B966F1-6DB7-4523-8D38-B8B7418C483E}.Release|x64.Build.0 = Release|Any CPU
		{36B966F1-6DB7-4523-8D38-B8B7418C483E}.Release|x86.ActiveCfg = Release|Any CPU
		{36B966F1-6DB7-4523-8D38-B8B7418C483E}.Release|x86.Build.0 = Release|Any CPU
	EndGlobalSection
EndGlobal
